// !$*UTF8*$!
{
	archiveVersion = 1;
	classes = {
	};
	objectVersion = 55;
	objects = {

/* Begin PBXBuildFile section */
		33296D4E09ED246D8470FF83 /* Pods_FitCam_WatchKit_App.framework in Frameworks */ = {isa = PBXBuildFile; fileRef = 90022B6C732FC6E2D2519BB4 /* Pods_FitCam_WatchKit_App.framework */; };
		5C1B53D976C85A7B3DC7F995 /* Pods_FitCam.framework in Frameworks */ = {isa = PBXBuildFile; fileRef = B9477D5B9CCB54A81F013A64 /* Pods_FitCam.framework */; };
		65D2CFFF6D820A6A397B8AEB /* Pods_FitCam_WatchKit_Extension.framework in Frameworks */ = {isa = PBXBuildFile; fileRef = 9DE70484E80FBED6A9975A50 /* Pods_FitCam_WatchKit_Extension.framework */; };
		F43A882A28C0063F00F107E3 /* SavedWorkout.swift in Sources */ = {isa = PBXBuildFile; fileRef = F43A882928C0063F00F107E3 /* SavedWorkout.swift */; };
		F43A882D28C00B0000F107E3 /* Datapoint.swift in Sources */ = {isa = PBXBuildFile; fileRef = F43A882B28C0091B00F107E3 /* Datapoint.swift */; };
		F43A882F28C00C5500F107E3 /* RealmManager.swift in Sources */ = {isa = PBXBuildFile; fileRef = F43A882E28C00C5500F107E3 /* RealmManager.swift */; };
		F46A529528BAEC49007C5C68 /* FitCamApp.swift in Sources */ = {isa = PBXBuildFile; fileRef = F46A529428BAEC49007C5C68 /* FitCamApp.swift */; };
		F46A529728BAEC49007C5C68 /* ContentView.swift in Sources */ = {isa = PBXBuildFile; fileRef = F46A529628BAEC49007C5C68 /* ContentView.swift */; };
		F46A529928BAEC4B007C5C68 /* Assets.xcassets in Resources */ = {isa = PBXBuildFile; fileRef = F46A529828BAEC4B007C5C68 /* Assets.xcassets */; };
		F46A529C28BAEC4B007C5C68 /* Preview Assets.xcassets in Resources */ = {isa = PBXBuildFile; fileRef = F46A529B28BAEC4B007C5C68 /* Preview Assets.xcassets */; };
		F46A52A028BAEC4C007C5C68 /* FitCam WatchKit App.app in Embed Watch Content */ = {isa = PBXBuildFile; fileRef = F46A529F28BAEC4C007C5C68 /* FitCam WatchKit App.app */; settings = {ATTRIBUTES = (RemoveHeadersOnCopy, ); }; };
		F46A52A528BAEC4D007C5C68 /* Assets.xcassets in Resources */ = {isa = PBXBuildFile; fileRef = F46A52A428BAEC4D007C5C68 /* Assets.xcassets */; };
		F46A52AB28BAEC4D007C5C68 /* FitCam WatchKit Extension.appex in Embed App Extensions */ = {isa = PBXBuildFile; fileRef = F46A52AA28BAEC4D007C5C68 /* FitCam WatchKit Extension.appex */; settings = {ATTRIBUTES = (RemoveHeadersOnCopy, ); }; };
		F46A52B028BAEC4D007C5C68 /* FitCamApp.swift in Sources */ = {isa = PBXBuildFile; fileRef = F46A52AF28BAEC4D007C5C68 /* FitCamApp.swift */; };
		F46A52B228BAEC4D007C5C68 /* StartView.swift in Sources */ = {isa = PBXBuildFile; fileRef = F46A52B128BAEC4D007C5C68 /* StartView.swift */; };
		F46A52B428BAEC4D007C5C68 /* NotificationController.swift in Sources */ = {isa = PBXBuildFile; fileRef = F46A52B328BAEC4D007C5C68 /* NotificationController.swift */; };
		F46A52B628BAEC4D007C5C68 /* NotificationView.swift in Sources */ = {isa = PBXBuildFile; fileRef = F46A52B528BAEC4D007C5C68 /* NotificationView.swift */; };
		F46A52B828BAEC4D007C5C68 /* ComplicationController.swift in Sources */ = {isa = PBXBuildFile; fileRef = F46A52B728BAEC4D007C5C68 /* ComplicationController.swift */; };
		F46A52BA28BAEC4E007C5C68 /* Assets.xcassets in Resources */ = {isa = PBXBuildFile; fileRef = F46A52B928BAEC4E007C5C68 /* Assets.xcassets */; };
		F46A52BD28BAEC4E007C5C68 /* Preview Assets.xcassets in Resources */ = {isa = PBXBuildFile; fileRef = F46A52BC28BAEC4E007C5C68 /* Preview Assets.xcassets */; };
		F46A52CE28BAF79F007C5C68 /* SessionPagingView.swift in Sources */ = {isa = PBXBuildFile; fileRef = F46A52CD28BAF79F007C5C68 /* SessionPagingView.swift */; };
		F46A52D228BAFC6F007C5C68 /* MetricsView.swift in Sources */ = {isa = PBXBuildFile; fileRef = F46A52D128BAFC6F007C5C68 /* MetricsView.swift */; };
		F46A52D628BB0F35007C5C68 /* ElapsedTimeView.swift in Sources */ = {isa = PBXBuildFile; fileRef = F46A52D528BB0F35007C5C68 /* ElapsedTimeView.swift */; };
		F46A52D828BB1195007C5C68 /* ControlsView.swift in Sources */ = {isa = PBXBuildFile; fileRef = F46A52D728BB1195007C5C68 /* ControlsView.swift */; };
		F46A52DA28BB6FA2007C5C68 /* SummaryView.swift in Sources */ = {isa = PBXBuildFile; fileRef = F46A52D928BB6FA2007C5C68 /* SummaryView.swift */; };
		F46A52DC28BB7996007C5C68 /* ActivityRingsView.swift in Sources */ = {isa = PBXBuildFile; fileRef = F46A52DB28BB7996007C5C68 /* ActivityRingsView.swift */; };
		F46A52DE28BBD027007C5C68 /* WorkoutManager.swift in Sources */ = {isa = PBXBuildFile; fileRef = F46A52DD28BBD027007C5C68 /* WorkoutManager.swift */; };
		F46A52E228BBD827007C5C68 /* HealthKit.framework in Frameworks */ = {isa = PBXBuildFile; fileRef = F46A52E128BBD827007C5C68 /* HealthKit.framework */; };
		F477AC3328D819FA00E29A1F /* FrameView.swift in Sources */ = {isa = PBXBuildFile; fileRef = F477AC3228D819FA00E29A1F /* FrameView.swift */; };
		F477AC3428D819FA00E29A1F /* ControlView.swift in Sources */ = {isa = PBXBuildFile; fileRef = F477AC2F28D819FA00E29A1F /* ControlView.swift */; };
		F477AC3528D819FA00E29A1F /* ToggleButton.swift in Sources */ = {isa = PBXBuildFile; fileRef = F477AC2E28D819FA00E29A1F /* ToggleButton.swift */; };
		F477AC3628D819FA00E29A1F /* CameraView.swift in Sources */ = {isa = PBXBuildFile; fileRef = F477AC3128D819FA00E29A1F /* CameraView.swift */; };
		F477AC3728D819FA00E29A1F /* ErrorView.swift in Sources */ = {isa = PBXBuildFile; fileRef = F477AC3028D819FA00E29A1F /* ErrorView.swift */; };
		F477AC3A28D81A2800E29A1F /* ContentViewModel.swift in Sources */ = {isa = PBXBuildFile; fileRef = F477AC3928D81A2800E29A1F /* ContentViewModel.swift */; };
		F477AC3F28D820FC00E29A1F /* CameraManager.swift in Sources */ = {isa = PBXBuildFile; fileRef = F477AC3C28D820FB00E29A1F /* CameraManager.swift */; };
		F477AC4028D820FC00E29A1F /* CameraError.swift in Sources */ = {isa = PBXBuildFile; fileRef = F477AC3D28D820FB00E29A1F /* CameraError.swift */; };
		F477AC4128D820FC00E29A1F /* FrameManager.swift in Sources */ = {isa = PBXBuildFile; fileRef = F477AC3E28D820FC00E29A1F /* FrameManager.swift */; };
		F477AC4328D8262A00E29A1F /* CGImageExtension.swift in Sources */ = {isa = PBXBuildFile; fileRef = F477AC4228D8262A00E29A1F /* CGImageExtension.swift */; };
		F47BDCB528CAC01A007AA302 /* StartWorkoutView.swift in Sources */ = {isa = PBXBuildFile; fileRef = F47BDCB428CAC01A007AA302 /* StartWorkoutView.swift */; };
		F4EE5EBC28CD62F800C9EF92 /* ExtensionDelegate.swift in Sources */ = {isa = PBXBuildFile; fileRef = F4EE5EBB28CD62F800C9EF92 /* ExtensionDelegate.swift */; };
		F4EE5EBE28CD64FC00C9EF92 /* AppDelegate.swift in Sources */ = {isa = PBXBuildFile; fileRef = F4EE5EBD28CD64FC00C9EF92 /* AppDelegate.swift */; };
/* End PBXBuildFile section */

/* Begin PBXContainerItemProxy section */
		F46A52A128BAEC4C007C5C68 /* PBXContainerItemProxy */ = {
			isa = PBXContainerItemProxy;
			containerPortal = F46A528928BAEC49007C5C68 /* Project object */;
			proxyType = 1;
			remoteGlobalIDString = F46A529E28BAEC4C007C5C68;
			remoteInfo = "FitCam WatchKit App";
		};
		F46A52AC28BAEC4D007C5C68 /* PBXContainerItemProxy */ = {
			isa = PBXContainerItemProxy;
			containerPortal = F46A528928BAEC49007C5C68 /* Project object */;
			proxyType = 1;
			remoteGlobalIDString = F46A52A928BAEC4D007C5C68;
			remoteInfo = "FitCam WatchKit Extension";
		};
/* End PBXContainerItemProxy section */

/* Begin PBXCopyFilesBuildPhase section */
		F46A52C528BAEC4E007C5C68 /* Embed App Extensions */ = {
			isa = PBXCopyFilesBuildPhase;
			buildActionMask = 2147483647;
			dstPath = "";
			dstSubfolderSpec = 13;
			files = (
				F46A52AB28BAEC4D007C5C68 /* FitCam WatchKit Extension.appex in Embed App Extensions */,
			);
			name = "Embed App Extensions";
			runOnlyForDeploymentPostprocessing = 0;
		};
		F46A52C928BAEC4E007C5C68 /* Embed Watch Content */ = {
			isa = PBXCopyFilesBuildPhase;
			buildActionMask = 2147483647;
			dstPath = "$(CONTENTS_FOLDER_PATH)/Watch";
			dstSubfolderSpec = 16;
			files = (
				F46A52A028BAEC4C007C5C68 /* FitCam WatchKit App.app in Embed Watch Content */,
			);
			name = "Embed Watch Content";
			runOnlyForDeploymentPostprocessing = 0;
		};
/* End PBXCopyFilesBuildPhase section */

/* Begin PBXFileReference section */
		06F78616CD44CA376566E3A4 /* Pods-FitCam WatchKit Extension.release.xcconfig */ = {isa = PBXFileReference; includeInIndex = 1; lastKnownFileType = text.xcconfig; name = "Pods-FitCam WatchKit Extension.release.xcconfig"; path = "Target Support Files/Pods-FitCam WatchKit Extension/Pods-FitCam WatchKit Extension.release.xcconfig"; sourceTree = "<group>"; };
		09576FC6DA97FC5BB5E91527 /* Pods-FitCam WatchKit Extension.debug.xcconfig */ = {isa = PBXFileReference; includeInIndex = 1; lastKnownFileType = text.xcconfig; name = "Pods-FitCam WatchKit Extension.debug.xcconfig"; path = "Target Support Files/Pods-FitCam WatchKit Extension/Pods-FitCam WatchKit Extension.debug.xcconfig"; sourceTree = "<group>"; };
		4B5E82A7A9EA55BA24F95848 /* Pods-FitCam WatchKit App.release.xcconfig */ = {isa = PBXFileReference; includeInIndex = 1; lastKnownFileType = text.xcconfig; name = "Pods-FitCam WatchKit App.release.xcconfig"; path = "Target Support Files/Pods-FitCam WatchKit App/Pods-FitCam WatchKit App.release.xcconfig"; sourceTree = "<group>"; };
		65144510E91F436BE961A0D8 /* Pods-FitCam.debug.xcconfig */ = {isa = PBXFileReference; includeInIndex = 1; lastKnownFileType = text.xcconfig; name = "Pods-FitCam.debug.xcconfig"; path = "Target Support Files/Pods-FitCam/Pods-FitCam.debug.xcconfig"; sourceTree = "<group>"; };
		90022B6C732FC6E2D2519BB4 /* Pods_FitCam_WatchKit_App.framework */ = {isa = PBXFileReference; explicitFileType = wrapper.framework; includeInIndex = 0; path = Pods_FitCam_WatchKit_App.framework; sourceTree = BUILT_PRODUCTS_DIR; };
		9DE70484E80FBED6A9975A50 /* Pods_FitCam_WatchKit_Extension.framework */ = {isa = PBXFileReference; explicitFileType = wrapper.framework; includeInIndex = 0; path = Pods_FitCam_WatchKit_Extension.framework; sourceTree = BUILT_PRODUCTS_DIR; };
		B9477D5B9CCB54A81F013A64 /* Pods_FitCam.framework */ = {isa = PBXFileReference; explicitFileType = wrapper.framework; includeInIndex = 0; path = Pods_FitCam.framework; sourceTree = BUILT_PRODUCTS_DIR; };
		DE0D3F988690F43A519D318A /* Pods-FitCam WatchKit App.debug.xcconfig */ = {isa = PBXFileReference; includeInIndex = 1; lastKnownFileType = text.xcconfig; name = "Pods-FitCam WatchKit App.debug.xcconfig"; path = "Target Support Files/Pods-FitCam WatchKit App/Pods-FitCam WatchKit App.debug.xcconfig"; sourceTree = "<group>"; };
		E680E7D103E96DF4E4528CFA /* Pods-FitCam.release.xcconfig */ = {isa = PBXFileReference; includeInIndex = 1; lastKnownFileType = text.xcconfig; name = "Pods-FitCam.release.xcconfig"; path = "Target Support Files/Pods-FitCam/Pods-FitCam.release.xcconfig"; sourceTree = "<group>"; };
		F43A882928C0063F00F107E3 /* SavedWorkout.swift */ = {isa = PBXFileReference; lastKnownFileType = sourcecode.swift; path = SavedWorkout.swift; sourceTree = "<group>"; };
		F43A882B28C0091B00F107E3 /* Datapoint.swift */ = {isa = PBXFileReference; lastKnownFileType = sourcecode.swift; path = Datapoint.swift; sourceTree = "<group>"; };
		F43A882E28C00C5500F107E3 /* RealmManager.swift */ = {isa = PBXFileReference; lastKnownFileType = sourcecode.swift; path = RealmManager.swift; sourceTree = "<group>"; };
		F43A883028C034E300F107E3 /* FitCam.entitlements */ = {isa = PBXFileReference; lastKnownFileType = text.plist.entitlements; path = FitCam.entitlements; sourceTree = "<group>"; };
		F46A529128BAEC49007C5C68 /* FitCam.app */ = {isa = PBXFileReference; explicitFileType = wrapper.application; includeInIndex = 0; path = FitCam.app; sourceTree = BUILT_PRODUCTS_DIR; };
		F46A529428BAEC49007C5C68 /* FitCamApp.swift */ = {isa = PBXFileReference; lastKnownFileType = sourcecode.swift; path = FitCamApp.swift; sourceTree = "<group>"; };
		F46A529628BAEC49007C5C68 /* ContentView.swift */ = {isa = PBXFileReference; lastKnownFileType = sourcecode.swift; path = ContentView.swift; sourceTree = "<group>"; };
		F46A529828BAEC4B007C5C68 /* Assets.xcassets */ = {isa = PBXFileReference; lastKnownFileType = folder.assetcatalog; path = Assets.xcassets; sourceTree = "<group>"; };
		F46A529B28BAEC4B007C5C68 /* Preview Assets.xcassets */ = {isa = PBXFileReference; lastKnownFileType = folder.assetcatalog; path = "Preview Assets.xcassets"; sourceTree = "<group>"; };
		F46A529F28BAEC4C007C5C68 /* FitCam WatchKit App.app */ = {isa = PBXFileReference; explicitFileType = wrapper.application; includeInIndex = 0; path = "FitCam WatchKit App.app"; sourceTree = BUILT_PRODUCTS_DIR; };
		F46A52A428BAEC4D007C5C68 /* Assets.xcassets */ = {isa = PBXFileReference; lastKnownFileType = folder.assetcatalog; path = Assets.xcassets; sourceTree = "<group>"; };
		F46A52AA28BAEC4D007C5C68 /* FitCam WatchKit Extension.appex */ = {isa = PBXFileReference; explicitFileType = "wrapper.app-extension"; includeInIndex = 0; path = "FitCam WatchKit Extension.appex"; sourceTree = BUILT_PRODUCTS_DIR; };
		F46A52AF28BAEC4D007C5C68 /* FitCamApp.swift */ = {isa = PBXFileReference; lastKnownFileType = sourcecode.swift; path = FitCamApp.swift; sourceTree = "<group>"; };
		F46A52B128BAEC4D007C5C68 /* StartView.swift */ = {isa = PBXFileReference; lastKnownFileType = sourcecode.swift; path = StartView.swift; sourceTree = "<group>"; };
		F46A52B328BAEC4D007C5C68 /* NotificationController.swift */ = {isa = PBXFileReference; lastKnownFileType = sourcecode.swift; path = NotificationController.swift; sourceTree = "<group>"; };
		F46A52B528BAEC4D007C5C68 /* NotificationView.swift */ = {isa = PBXFileReference; lastKnownFileType = sourcecode.swift; path = NotificationView.swift; sourceTree = "<group>"; };
		F46A52B728BAEC4D007C5C68 /* ComplicationController.swift */ = {isa = PBXFileReference; lastKnownFileType = sourcecode.swift; path = ComplicationController.swift; sourceTree = "<group>"; };
		F46A52B928BAEC4E007C5C68 /* Assets.xcassets */ = {isa = PBXFileReference; lastKnownFileType = folder.assetcatalog; path = Assets.xcassets; sourceTree = "<group>"; };
		F46A52BC28BAEC4E007C5C68 /* Preview Assets.xcassets */ = {isa = PBXFileReference; lastKnownFileType = folder.assetcatalog; path = "Preview Assets.xcassets"; sourceTree = "<group>"; };
		F46A52BE28BAEC4E007C5C68 /* Info.plist */ = {isa = PBXFileReference; lastKnownFileType = text.plist.xml; path = Info.plist; sourceTree = "<group>"; };
		F46A52BF28BAEC4E007C5C68 /* PushNotificationPayload.apns */ = {isa = PBXFileReference; lastKnownFileType = text; path = PushNotificationPayload.apns; sourceTree = "<group>"; };
		F46A52CD28BAF79F007C5C68 /* SessionPagingView.swift */ = {isa = PBXFileReference; lastKnownFileType = sourcecode.swift; path = SessionPagingView.swift; sourceTree = "<group>"; };
		F46A52D128BAFC6F007C5C68 /* MetricsView.swift */ = {isa = PBXFileReference; lastKnownFileType = sourcecode.swift; path = MetricsView.swift; sourceTree = "<group>"; };
		F46A52D528BB0F35007C5C68 /* ElapsedTimeView.swift */ = {isa = PBXFileReference; fileEncoding = 4; lastKnownFileType = sourcecode.swift; path = ElapsedTimeView.swift; sourceTree = "<group>"; };
		F46A52D728BB1195007C5C68 /* ControlsView.swift */ = {isa = PBXFileReference; lastKnownFileType = sourcecode.swift; path = ControlsView.swift; sourceTree = "<group>"; };
		F46A52D928BB6FA2007C5C68 /* SummaryView.swift */ = {isa = PBXFileReference; lastKnownFileType = sourcecode.swift; path = SummaryView.swift; sourceTree = "<group>"; };
		F46A52DB28BB7996007C5C68 /* ActivityRingsView.swift */ = {isa = PBXFileReference; lastKnownFileType = sourcecode.swift; path = ActivityRingsView.swift; sourceTree = "<group>"; };
		F46A52DD28BBD027007C5C68 /* WorkoutManager.swift */ = {isa = PBXFileReference; lastKnownFileType = sourcecode.swift; path = WorkoutManager.swift; sourceTree = "<group>"; };
		F46A52DF28BBD827007C5C68 /* FitCam WatchKit Extension.entitlements */ = {isa = PBXFileReference; lastKnownFileType = text.plist.entitlements; path = "FitCam WatchKit Extension.entitlements"; sourceTree = "<group>"; };
		F46A52E128BBD827007C5C68 /* HealthKit.framework */ = {isa = PBXFileReference; lastKnownFileType = wrapper.framework; name = HealthKit.framework; path = Platforms/WatchOS.platform/Developer/SDKs/WatchOS8.5.sdk/System/Library/Frameworks/HealthKit.framework; sourceTree = DEVELOPER_DIR; };
		F477AC2E28D819FA00E29A1F /* ToggleButton.swift */ = {isa = PBXFileReference; lastKnownFileType = sourcecode.swift; path = ToggleButton.swift; sourceTree = "<group>"; };
		F477AC2F28D819FA00E29A1F /* ControlView.swift */ = {isa = PBXFileReference; lastKnownFileType = sourcecode.swift; path = ControlView.swift; sourceTree = "<group>"; };
		F477AC3028D819FA00E29A1F /* ErrorView.swift */ = {isa = PBXFileReference; lastKnownFileType = sourcecode.swift; path = ErrorView.swift; sourceTree = "<group>"; };
		F477AC3128D819FA00E29A1F /* CameraView.swift */ = {isa = PBXFileReference; lastKnownFileType = sourcecode.swift; path = CameraView.swift; sourceTree = "<group>"; };
		F477AC3228D819FA00E29A1F /* FrameView.swift */ = {isa = PBXFileReference; lastKnownFileType = sourcecode.swift; path = FrameView.swift; sourceTree = "<group>"; };
		F477AC3928D81A2800E29A1F /* ContentViewModel.swift */ = {isa = PBXFileReference; fileEncoding = 4; lastKnownFileType = sourcecode.swift; path = ContentViewModel.swift; sourceTree = "<group>"; };
		F477AC3C28D820FB00E29A1F /* CameraManager.swift */ = {isa = PBXFileReference; fileEncoding = 4; lastKnownFileType = sourcecode.swift; path = CameraManager.swift; sourceTree = "<group>"; };
		F477AC3D28D820FB00E29A1F /* CameraError.swift */ = {isa = PBXFileReference; fileEncoding = 4; lastKnownFileType = sourcecode.swift; path = CameraError.swift; sourceTree = "<group>"; };
		F477AC3E28D820FC00E29A1F /* FrameManager.swift */ = {isa = PBXFileReference; fileEncoding = 4; lastKnownFileType = sourcecode.swift; path = FrameManager.swift; sourceTree = "<group>"; };
		F477AC4228D8262A00E29A1F /* CGImageExtension.swift */ = {isa = PBXFileReference; fileEncoding = 4; lastKnownFileType = sourcecode.swift; path = CGImageExtension.swift; sourceTree = "<group>"; };
		F47BDCB428CAC01A007AA302 /* StartWorkoutView.swift */ = {isa = PBXFileReference; lastKnownFileType = sourcecode.swift; path = StartWorkoutView.swift; sourceTree = "<group>"; };
		F4EE5EBB28CD62F800C9EF92 /* ExtensionDelegate.swift */ = {isa = PBXFileReference; lastKnownFileType = sourcecode.swift; path = ExtensionDelegate.swift; sourceTree = "<group>"; };
		F4EE5EBD28CD64FC00C9EF92 /* AppDelegate.swift */ = {isa = PBXFileReference; lastKnownFileType = sourcecode.swift; path = AppDelegate.swift; sourceTree = "<group>"; };
/* End PBXFileReference section */

/* Begin PBXFrameworksBuildPhase section */
		00DC7F73374C0790DF166FEE /* Frameworks */ = {
			isa = PBXFrameworksBuildPhase;
			buildActionMask = 2147483647;
			files = (
				33296D4E09ED246D8470FF83 /* Pods_FitCam_WatchKit_App.framework in Frameworks */,
			);
			runOnlyForDeploymentPostprocessing = 0;
		};
		F46A528E28BAEC49007C5C68 /* Frameworks */ = {
			isa = PBXFrameworksBuildPhase;
			buildActionMask = 2147483647;
			files = (
				5C1B53D976C85A7B3DC7F995 /* Pods_FitCam.framework in Frameworks */,
			);
			runOnlyForDeploymentPostprocessing = 0;
		};
		F46A52A728BAEC4D007C5C68 /* Frameworks */ = {
			isa = PBXFrameworksBuildPhase;
			buildActionMask = 2147483647;
			files = (
				F46A52E228BBD827007C5C68 /* HealthKit.framework in Frameworks */,
				65D2CFFF6D820A6A397B8AEB /* Pods_FitCam_WatchKit_Extension.framework in Frameworks */,
			);
			runOnlyForDeploymentPostprocessing = 0;
		};
/* End PBXFrameworksBuildPhase section */

/* Begin PBXGroup section */
		6D508335B653489AB366D3BD /* Pods */ = {
			isa = PBXGroup;
			children = (
				65144510E91F436BE961A0D8 /* Pods-FitCam.debug.xcconfig */,
				E680E7D103E96DF4E4528CFA /* Pods-FitCam.release.xcconfig */,
				DE0D3F988690F43A519D318A /* Pods-FitCam WatchKit App.debug.xcconfig */,
				4B5E82A7A9EA55BA24F95848 /* Pods-FitCam WatchKit App.release.xcconfig */,
				09576FC6DA97FC5BB5E91527 /* Pods-FitCam WatchKit Extension.debug.xcconfig */,
				06F78616CD44CA376566E3A4 /* Pods-FitCam WatchKit Extension.release.xcconfig */,
			);
			path = Pods;
			sourceTree = "<group>";
		};
		F46A528828BAEC49007C5C68 = {
			isa = PBXGroup;
			children = (
				F46A529328BAEC49007C5C68 /* FitCam */,
				F46A52A328BAEC4C007C5C68 /* FitCam WatchKit App */,
				F46A52AE28BAEC4D007C5C68 /* FitCam WatchKit Extension */,
				F46A529228BAEC49007C5C68 /* Products */,
				F46A52E028BBD827007C5C68 /* Frameworks */,
				6D508335B653489AB366D3BD /* Pods */,
			);
			sourceTree = "<group>";
		};
		F46A529228BAEC49007C5C68 /* Products */ = {
			isa = PBXGroup;
			children = (
				F46A529128BAEC49007C5C68 /* FitCam.app */,
				F46A529F28BAEC4C007C5C68 /* FitCam WatchKit App.app */,
				F46A52AA28BAEC4D007C5C68 /* FitCam WatchKit Extension.appex */,
			);
			name = Products;
			sourceTree = "<group>";
		};
		F46A529328BAEC49007C5C68 /* FitCam */ = {
			isa = PBXGroup;
			children = (
				F43A883028C034E300F107E3 /* FitCam.entitlements */,
				F4EE5EBD28CD64FC00C9EF92 /* AppDelegate.swift */,
				F477AC4428D8282D00E29A1F /* Extensions */,
				F477AC3B28D81A7E00E29A1F /* Camera Views */,
				F477AC3828D81A0F00E29A1F /* VM */,
				F477AC2D28D819B700E29A1F /* View */,
				F46A529828BAEC4B007C5C68 /* Assets.xcassets */,
				F46A529A28BAEC4B007C5C68 /* Preview Content */,
			);
			path = FitCam;
			sourceTree = "<group>";
		};
		F46A529A28BAEC4B007C5C68 /* Preview Content */ = {
			isa = PBXGroup;
			children = (
				F46A529B28BAEC4B007C5C68 /* Preview Assets.xcassets */,
			);
			path = "Preview Content";
			sourceTree = "<group>";
		};
		F46A52A328BAEC4C007C5C68 /* FitCam WatchKit App */ = {
			isa = PBXGroup;
			children = (
				F46A52A428BAEC4D007C5C68 /* Assets.xcassets */,
			);
			path = "FitCam WatchKit App";
			sourceTree = "<group>";
		};
		F46A52AE28BAEC4D007C5C68 /* FitCam WatchKit Extension */ = {
			isa = PBXGroup;
			children = (
				F46A52AF28BAEC4D007C5C68 /* FitCamApp.swift */,
				F4EE5EBB28CD62F800C9EF92 /* ExtensionDelegate.swift */,
				F47BDCB328CAB549007AA302 /* Models */,
				F47BDCB128CAB50A007AA302 /* Views */,
				F47BDCB228CAB536007AA302 /* Controllers */,
				F46A52DF28BBD827007C5C68 /* FitCam WatchKit Extension.entitlements */,
				F46A52B928BAEC4E007C5C68 /* Assets.xcassets */,
				F46A52BE28BAEC4E007C5C68 /* Info.plist */,
				F46A52BF28BAEC4E007C5C68 /* PushNotificationPayload.apns */,
				F46A52BB28BAEC4E007C5C68 /* Preview Content */,
			);
			path = "FitCam WatchKit Extension";
			sourceTree = "<group>";
		};
		F46A52BB28BAEC4E007C5C68 /* Preview Content */ = {
			isa = PBXGroup;
			children = (
				F46A52BC28BAEC4E007C5C68 /* Preview Assets.xcassets */,
			);
			path = "Preview Content";
			sourceTree = "<group>";
		};
		F46A52E028BBD827007C5C68 /* Frameworks */ = {
			isa = PBXGroup;
			children = (
				F46A52E128BBD827007C5C68 /* HealthKit.framework */,
				B9477D5B9CCB54A81F013A64 /* Pods_FitCam.framework */,
				90022B6C732FC6E2D2519BB4 /* Pods_FitCam_WatchKit_App.framework */,
				9DE70484E80FBED6A9975A50 /* Pods_FitCam_WatchKit_Extension.framework */,
			);
			name = Frameworks;
			sourceTree = "<group>";
		};
		F477AC2D28D819B700E29A1F /* View */ = {
			isa = PBXGroup;
			children = (
				F46A529428BAEC49007C5C68 /* FitCamApp.swift */,
				F46A529628BAEC49007C5C68 /* ContentView.swift */,
				F477AC3128D819FA00E29A1F /* CameraView.swift */,
				F477AC2F28D819FA00E29A1F /* ControlView.swift */,
				F477AC3028D819FA00E29A1F /* ErrorView.swift */,
				F477AC3228D819FA00E29A1F /* FrameView.swift */,
				F477AC2E28D819FA00E29A1F /* ToggleButton.swift */,
			);
			path = View;
			sourceTree = "<group>";
		};
		F477AC3828D81A0F00E29A1F /* VM */ = {
			isa = PBXGroup;
			children = (
				F477AC3928D81A2800E29A1F /* ContentViewModel.swift */,
			);
			path = VM;
			sourceTree = "<group>";
		};
		F477AC3B28D81A7E00E29A1F /* Camera Views */ = {
			isa = PBXGroup;
			children = (
				F477AC3D28D820FB00E29A1F /* CameraError.swift */,
				F477AC3C28D820FB00E29A1F /* CameraManager.swift */,
				F477AC3E28D820FC00E29A1F /* FrameManager.swift */,
			);
			path = "Camera Views";
			sourceTree = "<group>";
		};
		F477AC4428D8282D00E29A1F /* Extensions */ = {
			isa = PBXGroup;
			children = (
				F477AC4228D8262A00E29A1F /* CGImageExtension.swift */,
			);
			path = Extensions;
			sourceTree = "<group>";
		};
		F47BDCB128CAB50A007AA302 /* Views */ = {
			isa = PBXGroup;
			children = (
				F46A52B128BAEC4D007C5C68 /* StartView.swift */,
				F46A52D928BB6FA2007C5C68 /* SummaryView.swift */,
				F46A52DB28BB7996007C5C68 /* ActivityRingsView.swift */,
				F46A52B528BAEC4D007C5C68 /* NotificationView.swift */,
				F46A52D528BB0F35007C5C68 /* ElapsedTimeView.swift */,
				F46A52D128BAFC6F007C5C68 /* MetricsView.swift */,
				F46A52D728BB1195007C5C68 /* ControlsView.swift */,
				F46A52CD28BAF79F007C5C68 /* SessionPagingView.swift */,
				F47BDCB428CAC01A007AA302 /* StartWorkoutView.swift */,
			);
			path = Views;
			sourceTree = "<group>";
		};
		F47BDCB228CAB536007AA302 /* Controllers */ = {
			isa = PBXGroup;
			children = (
				F43A882E28C00C5500F107E3 /* RealmManager.swift */,
				F46A52DD28BBD027007C5C68 /* WorkoutManager.swift */,
				F46A52B328BAEC4D007C5C68 /* NotificationController.swift */,
				F46A52B728BAEC4D007C5C68 /* ComplicationController.swift */,
			);
			path = Controllers;
			sourceTree = "<group>";
		};
		F47BDCB328CAB549007AA302 /* Models */ = {
			isa = PBXGroup;
			children = (
				F43A882B28C0091B00F107E3 /* Datapoint.swift */,
				F43A882928C0063F00F107E3 /* SavedWorkout.swift */,
			);
			path = Models;
			sourceTree = "<group>";
		};
/* End PBXGroup section */

/* Begin PBXNativeTarget section */
		F46A529028BAEC49007C5C68 /* FitCam */ = {
			isa = PBXNativeTarget;
			buildConfigurationList = F46A52CA28BAEC4E007C5C68 /* Build configuration list for PBXNativeTarget "FitCam" */;
			buildPhases = (
				8DF7799419B3A90D66F6ABEF /* [CP] Check Pods Manifest.lock */,
				F46A528D28BAEC49007C5C68 /* Sources */,
				F46A528E28BAEC49007C5C68 /* Frameworks */,
				F46A528F28BAEC49007C5C68 /* Resources */,
				F46A52C928BAEC4E007C5C68 /* Embed Watch Content */,
				171AEEE2581F2FED8249056B /* [CP] Embed Pods Frameworks */,
			);
			buildRules = (
			);
			dependencies = (
				F46A52A228BAEC4C007C5C68 /* PBXTargetDependency */,
			);
			name = FitCam;
			productName = FitCam;
			productReference = F46A529128BAEC49007C5C68 /* FitCam.app */;
			productType = "com.apple.product-type.application";
		};
		F46A529E28BAEC4C007C5C68 /* FitCam WatchKit App */ = {
			isa = PBXNativeTarget;
			buildConfigurationList = F46A52C628BAEC4E007C5C68 /* Build configuration list for PBXNativeTarget "FitCam WatchKit App" */;
			buildPhases = (
				3DFBD9AFEF7CEE18BE8287AA /* [CP] Check Pods Manifest.lock */,
				F46A529D28BAEC4C007C5C68 /* Resources */,
				F46A52C528BAEC4E007C5C68 /* Embed App Extensions */,
				00DC7F73374C0790DF166FEE /* Frameworks */,
			);
			buildRules = (
			);
			dependencies = (
				F46A52AD28BAEC4D007C5C68 /* PBXTargetDependency */,
			);
			name = "FitCam WatchKit App";
			productName = "FitCam WatchKit App";
			productReference = F46A529F28BAEC4C007C5C68 /* FitCam WatchKit App.app */;
			productType = "com.apple.product-type.application.watchapp2";
		};
		F46A52A928BAEC4D007C5C68 /* FitCam WatchKit Extension */ = {
			isa = PBXNativeTarget;
			buildConfigurationList = F46A52C228BAEC4E007C5C68 /* Build configuration list for PBXNativeTarget "FitCam WatchKit Extension" */;
			buildPhases = (
				84CB0AC3B1CBB9D3E0DD95CA /* [CP] Check Pods Manifest.lock */,
				F46A52A628BAEC4D007C5C68 /* Sources */,
				F46A52A728BAEC4D007C5C68 /* Frameworks */,
				F46A52A828BAEC4D007C5C68 /* Resources */,
				2C612C61C3716FF544BBBFB0 /* [CP] Embed Pods Frameworks */,
			);
			buildRules = (
			);
			dependencies = (
			);
			name = "FitCam WatchKit Extension";
			productName = "FitCam WatchKit Extension";
			productReference = F46A52AA28BAEC4D007C5C68 /* FitCam WatchKit Extension.appex */;
			productType = "com.apple.product-type.watchkit2-extension";
		};
/* End PBXNativeTarget section */

/* Begin PBXProject section */
		F46A528928BAEC49007C5C68 /* Project object */ = {
			isa = PBXProject;
			attributes = {
				BuildIndependentTargetsInParallel = 1;
				LastSwiftUpdateCheck = 1340;
				LastUpgradeCheck = 1340;
				TargetAttributes = {
					F46A529028BAEC49007C5C68 = {
						CreatedOnToolsVersion = 13.4.1;
					};
					F46A529E28BAEC4C007C5C68 = {
						CreatedOnToolsVersion = 13.4.1;
					};
					F46A52A928BAEC4D007C5C68 = {
						CreatedOnToolsVersion = 13.4.1;
					};
				};
			};
			buildConfigurationList = F46A528C28BAEC49007C5C68 /* Build configuration list for PBXProject "FitCam" */;
			compatibilityVersion = "Xcode 13.0";
			developmentRegion = en;
			hasScannedForEncodings = 0;
			knownRegions = (
				en,
				Base,
			);
			mainGroup = F46A528828BAEC49007C5C68;
			productRefGroup = F46A529228BAEC49007C5C68 /* Products */;
			projectDirPath = "";
			projectRoot = "";
			targets = (
				F46A529028BAEC49007C5C68 /* FitCam */,
				F46A529E28BAEC4C007C5C68 /* FitCam WatchKit App */,
				F46A52A928BAEC4D007C5C68 /* FitCam WatchKit Extension */,
			);
		};
/* End PBXProject section */

/* Begin PBXResourcesBuildPhase section */
		F46A528F28BAEC49007C5C68 /* Resources */ = {
			isa = PBXResourcesBuildPhase;
			buildActionMask = 2147483647;
			files = (
				F46A529C28BAEC4B007C5C68 /* Preview Assets.xcassets in Resources */,
				F46A529928BAEC4B007C5C68 /* Assets.xcassets in Resources */,
			);
			runOnlyForDeploymentPostprocessing = 0;
		};
		F46A529D28BAEC4C007C5C68 /* Resources */ = {
			isa = PBXResourcesBuildPhase;
			buildActionMask = 2147483647;
			files = (
				F46A52A528BAEC4D007C5C68 /* Assets.xcassets in Resources */,
			);
			runOnlyForDeploymentPostprocessing = 0;
		};
		F46A52A828BAEC4D007C5C68 /* Resources */ = {
			isa = PBXResourcesBuildPhase;
			buildActionMask = 2147483647;
			files = (
				F46A52BD28BAEC4E007C5C68 /* Preview Assets.xcassets in Resources */,
				F46A52BA28BAEC4E007C5C68 /* Assets.xcassets in Resources */,
			);
			runOnlyForDeploymentPostprocessing = 0;
		};
/* End PBXResourcesBuildPhase section */

/* Begin PBXShellScriptBuildPhase section */
		171AEEE2581F2FED8249056B /* [CP] Embed Pods Frameworks */ = {
			isa = PBXShellScriptBuildPhase;
			buildActionMask = 2147483647;
			files = (
			);
			inputFileListPaths = (
				"${PODS_ROOT}/Target Support Files/Pods-FitCam/Pods-FitCam-frameworks-${CONFIGURATION}-input-files.xcfilelist",
			);
			name = "[CP] Embed Pods Frameworks";
			outputFileListPaths = (
				"${PODS_ROOT}/Target Support Files/Pods-FitCam/Pods-FitCam-frameworks-${CONFIGURATION}-output-files.xcfilelist",
			);
			runOnlyForDeploymentPostprocessing = 0;
			shellPath = /bin/sh;
			shellScript = "\"${PODS_ROOT}/Target Support Files/Pods-FitCam/Pods-FitCam-frameworks.sh\"\n";
			showEnvVarsInLog = 0;
		};
		2C612C61C3716FF544BBBFB0 /* [CP] Embed Pods Frameworks */ = {
			isa = PBXShellScriptBuildPhase;
			buildActionMask = 2147483647;
			files = (
			);
			inputFileListPaths = (
				"${PODS_ROOT}/Target Support Files/Pods-FitCam WatchKit Extension/Pods-FitCam WatchKit Extension-frameworks-${CONFIGURATION}-input-files.xcfilelist",
			);
			name = "[CP] Embed Pods Frameworks";
			outputFileListPaths = (
				"${PODS_ROOT}/Target Support Files/Pods-FitCam WatchKit Extension/Pods-FitCam WatchKit Extension-frameworks-${CONFIGURATION}-output-files.xcfilelist",
			);
			runOnlyForDeploymentPostprocessing = 0;
			shellPath = /bin/sh;
			shellScript = "\"${PODS_ROOT}/Target Support Files/Pods-FitCam WatchKit Extension/Pods-FitCam WatchKit Extension-frameworks.sh\"\n";
			showEnvVarsInLog = 0;
		};
		3DFBD9AFEF7CEE18BE8287AA /* [CP] Check Pods Manifest.lock */ = {
			isa = PBXShellScriptBuildPhase;
			buildActionMask = 2147483647;
			files = (
			);
			inputFileListPaths = (
			);
			inputPaths = (
				"${PODS_PODFILE_DIR_PATH}/Podfile.lock",
				"${PODS_ROOT}/Manifest.lock",
			);
			name = "[CP] Check Pods Manifest.lock";
			outputFileListPaths = (
			);
			outputPaths = (
				"$(DERIVED_FILE_DIR)/Pods-FitCam WatchKit App-checkManifestLockResult.txt",
			);
			runOnlyForDeploymentPostprocessing = 0;
			shellPath = /bin/sh;
			shellScript = "diff \"${PODS_PODFILE_DIR_PATH}/Podfile.lock\" \"${PODS_ROOT}/Manifest.lock\" > /dev/null\nif [ $? != 0 ] ; then\n    # print error to STDERR\n    echo \"error: The sandbox is not in sync with the Podfile.lock. Run 'pod install' or update your CocoaPods installation.\" >&2\n    exit 1\nfi\n# This output is used by Xcode 'outputs' to avoid re-running this script phase.\necho \"SUCCESS\" > \"${SCRIPT_OUTPUT_FILE_0}\"\n";
			showEnvVarsInLog = 0;
		};
		84CB0AC3B1CBB9D3E0DD95CA /* [CP] Check Pods Manifest.lock */ = {
			isa = PBXShellScriptBuildPhase;
			buildActionMask = 2147483647;
			files = (
			);
			inputFileListPaths = (
			);
			inputPaths = (
				"${PODS_PODFILE_DIR_PATH}/Podfile.lock",
				"${PODS_ROOT}/Manifest.lock",
			);
			name = "[CP] Check Pods Manifest.lock";
			outputFileListPaths = (
			);
			outputPaths = (
				"$(DERIVED_FILE_DIR)/Pods-FitCam WatchKit Extension-checkManifestLockResult.txt",
			);
			runOnlyForDeploymentPostprocessing = 0;
			shellPath = /bin/sh;
			shellScript = "diff \"${PODS_PODFILE_DIR_PATH}/Podfile.lock\" \"${PODS_ROOT}/Manifest.lock\" > /dev/null\nif [ $? != 0 ] ; then\n    # print error to STDERR\n    echo \"error: The sandbox is not in sync with the Podfile.lock. Run 'pod install' or update your CocoaPods installation.\" >&2\n    exit 1\nfi\n# This output is used by Xcode 'outputs' to avoid re-running this script phase.\necho \"SUCCESS\" > \"${SCRIPT_OUTPUT_FILE_0}\"\n";
			showEnvVarsInLog = 0;
		};
		8DF7799419B3A90D66F6ABEF /* [CP] Check Pods Manifest.lock */ = {
			isa = PBXShellScriptBuildPhase;
			buildActionMask = 2147483647;
			files = (
			);
			inputFileListPaths = (
			);
			inputPaths = (
				"${PODS_PODFILE_DIR_PATH}/Podfile.lock",
				"${PODS_ROOT}/Manifest.lock",
			);
			name = "[CP] Check Pods Manifest.lock";
			outputFileListPaths = (
			);
			outputPaths = (
				"$(DERIVED_FILE_DIR)/Pods-FitCam-checkManifestLockResult.txt",
			);
			runOnlyForDeploymentPostprocessing = 0;
			shellPath = /bin/sh;
			shellScript = "diff \"${PODS_PODFILE_DIR_PATH}/Podfile.lock\" \"${PODS_ROOT}/Manifest.lock\" > /dev/null\nif [ $? != 0 ] ; then\n    # print error to STDERR\n    echo \"error: The sandbox is not in sync with the Podfile.lock. Run 'pod install' or update your CocoaPods installation.\" >&2\n    exit 1\nfi\n# This output is used by Xcode 'outputs' to avoid re-running this script phase.\necho \"SUCCESS\" > \"${SCRIPT_OUTPUT_FILE_0}\"\n";
			showEnvVarsInLog = 0;
		};
/* End PBXShellScriptBuildPhase section */

/* Begin PBXSourcesBuildPhase section */
		F46A528D28BAEC49007C5C68 /* Sources */ = {
			isa = PBXSourcesBuildPhase;
			buildActionMask = 2147483647;
			files = (
				F477AC3328D819FA00E29A1F /* FrameView.swift in Sources */,
				F477AC4028D820FC00E29A1F /* CameraError.swift in Sources */,
				F477AC3628D819FA00E29A1F /* CameraView.swift in Sources */,
				F477AC3528D819FA00E29A1F /* ToggleButton.swift in Sources */,
				F4EE5EBE28CD64FC00C9EF92 /* AppDelegate.swift in Sources */,
				F477AC3F28D820FC00E29A1F /* CameraManager.swift in Sources */,
				F46A529728BAEC49007C5C68 /* ContentView.swift in Sources */,
				F477AC4128D820FC00E29A1F /* FrameManager.swift in Sources */,
				F477AC3A28D81A2800E29A1F /* ContentViewModel.swift in Sources */,
				F46A529528BAEC49007C5C68 /* FitCamApp.swift in Sources */,
				F477AC3428D819FA00E29A1F /* ControlView.swift in Sources */,
				F477AC3728D819FA00E29A1F /* ErrorView.swift in Sources */,
				F477AC4328D8262A00E29A1F /* CGImageExtension.swift in Sources */,
			);
			runOnlyForDeploymentPostprocessing = 0;
		};
		F46A52A628BAEC4D007C5C68 /* Sources */ = {
			isa = PBXSourcesBuildPhase;
			buildActionMask = 2147483647;
			files = (
				F43A882A28C0063F00F107E3 /* SavedWorkout.swift in Sources */,
				F46A52B428BAEC4D007C5C68 /* NotificationController.swift in Sources */,
				F43A882F28C00C5500F107E3 /* RealmManager.swift in Sources */,
				F43A882D28C00B0000F107E3 /* Datapoint.swift in Sources */,
				F46A52D228BAFC6F007C5C68 /* MetricsView.swift in Sources */,
				F47BDCB528CAC01A007AA302 /* StartWorkoutView.swift in Sources */,
				F4EE5EBC28CD62F800C9EF92 /* ExtensionDelegate.swift in Sources */,
				F46A52B228BAEC4D007C5C68 /* StartView.swift in Sources */,
				F46A52B828BAEC4D007C5C68 /* ComplicationController.swift in Sources */,
				F46A52B028BAEC4D007C5C68 /* FitCamApp.swift in Sources */,
				F46A52B628BAEC4D007C5C68 /* NotificationView.swift in Sources */,
				F46A52D628BB0F35007C5C68 /* ElapsedTimeView.swift in Sources */,
				F46A52D828BB1195007C5C68 /* ControlsView.swift in Sources */,
				F46A52DC28BB7996007C5C68 /* ActivityRingsView.swift in Sources */,
				F46A52CE28BAF79F007C5C68 /* SessionPagingView.swift in Sources */,
				F46A52DE28BBD027007C5C68 /* WorkoutManager.swift in Sources */,
				F46A52DA28BB6FA2007C5C68 /* SummaryView.swift in Sources */,
			);
			runOnlyForDeploymentPostprocessing = 0;
		};
/* End PBXSourcesBuildPhase section */

/* Begin PBXTargetDependency section */
		F46A52A228BAEC4C007C5C68 /* PBXTargetDependency */ = {
			isa = PBXTargetDependency;
			target = F46A529E28BAEC4C007C5C68 /* FitCam WatchKit App */;
			targetProxy = F46A52A128BAEC4C007C5C68 /* PBXContainerItemProxy */;
		};
		F46A52AD28BAEC4D007C5C68 /* PBXTargetDependency */ = {
			isa = PBXTargetDependency;
			target = F46A52A928BAEC4D007C5C68 /* FitCam WatchKit Extension */;
			targetProxy = F46A52AC28BAEC4D007C5C68 /* PBXContainerItemProxy */;
		};
/* End PBXTargetDependency section */

/* Begin XCBuildConfiguration section */
		F46A52C028BAEC4E007C5C68 /* Debug */ = {
			isa = XCBuildConfiguration;
			buildSettings = {
				ALWAYS_SEARCH_USER_PATHS = NO;
				CLANG_ANALYZER_NONNULL = YES;
				CLANG_ANALYZER_NUMBER_OBJECT_CONVERSION = YES_AGGRESSIVE;
				CLANG_CXX_LANGUAGE_STANDARD = "gnu++17";
				CLANG_ENABLE_MODULES = YES;
				CLANG_ENABLE_OBJC_ARC = YES;
				CLANG_ENABLE_OBJC_WEAK = YES;
				CLANG_WARN_BLOCK_CAPTURE_AUTORELEASING = YES;
				CLANG_WARN_BOOL_CONVERSION = YES;
				CLANG_WARN_COMMA = YES;
				CLANG_WARN_CONSTANT_CONVERSION = YES;
				CLANG_WARN_DEPRECATED_OBJC_IMPLEMENTATIONS = YES;
				CLANG_WARN_DIRECT_OBJC_ISA_USAGE = YES_ERROR;
				CLANG_WARN_DOCUMENTATION_COMMENTS = YES;
				CLANG_WARN_EMPTY_BODY = YES;
				CLANG_WARN_ENUM_CONVERSION = YES;
				CLANG_WARN_INFINITE_RECURSION = YES;
				CLANG_WARN_INT_CONVERSION = YES;
				CLANG_WARN_NON_LITERAL_NULL_CONVERSION = YES;
				CLANG_WARN_OBJC_IMPLICIT_RETAIN_SELF = YES;
				CLANG_WARN_OBJC_LITERAL_CONVERSION = YES;
				CLANG_WARN_OBJC_ROOT_CLASS = YES_ERROR;
				CLANG_WARN_QUOTED_INCLUDE_IN_FRAMEWORK_HEADER = YES;
				CLANG_WARN_RANGE_LOOP_ANALYSIS = YES;
				CLANG_WARN_STRICT_PROTOTYPES = YES;
				CLANG_WARN_SUSPICIOUS_MOVE = YES;
				CLANG_WARN_UNGUARDED_AVAILABILITY = YES_AGGRESSIVE;
				CLANG_WARN_UNREACHABLE_CODE = YES;
				CLANG_WARN__DUPLICATE_METHOD_MATCH = YES;
				COPY_PHASE_STRIP = NO;
				DEBUG_INFORMATION_FORMAT = dwarf;
				ENABLE_STRICT_OBJC_MSGSEND = YES;
				ENABLE_TESTABILITY = YES;
				GCC_C_LANGUAGE_STANDARD = gnu11;
				GCC_DYNAMIC_NO_PIC = NO;
				GCC_NO_COMMON_BLOCKS = YES;
				GCC_OPTIMIZATION_LEVEL = 0;
				GCC_PREPROCESSOR_DEFINITIONS = (
					"DEBUG=1",
					"$(inherited)",
				);
				GCC_WARN_64_TO_32_BIT_CONVERSION = YES;
				GCC_WARN_ABOUT_RETURN_TYPE = YES_ERROR;
				GCC_WARN_UNDECLARED_SELECTOR = YES;
				GCC_WARN_UNINITIALIZED_AUTOS = YES_AGGRESSIVE;
				GCC_WARN_UNUSED_FUNCTION = YES;
				GCC_WARN_UNUSED_VARIABLE = YES;
				MTL_ENABLE_DEBUG_INFO = INCLUDE_SOURCE;
				MTL_FAST_MATH = YES;
				ONLY_ACTIVE_ARCH = YES;
				SWIFT_ACTIVE_COMPILATION_CONDITIONS = DEBUG;
				SWIFT_OPTIMIZATION_LEVEL = "-Onone";
			};
			name = Debug;
		};
		F46A52C128BAEC4E007C5C68 /* Release */ = {
			isa = XCBuildConfiguration;
			buildSettings = {
				ALWAYS_SEARCH_USER_PATHS = NO;
				CLANG_ANALYZER_NONNULL = YES;
				CLANG_ANALYZER_NUMBER_OBJECT_CONVERSION = YES_AGGRESSIVE;
				CLANG_CXX_LANGUAGE_STANDARD = "gnu++17";
				CLANG_ENABLE_MODULES = YES;
				CLANG_ENABLE_OBJC_ARC = YES;
				CLANG_ENABLE_OBJC_WEAK = YES;
				CLANG_WARN_BLOCK_CAPTURE_AUTORELEASING = YES;
				CLANG_WARN_BOOL_CONVERSION = YES;
				CLANG_WARN_COMMA = YES;
				CLANG_WARN_CONSTANT_CONVERSION = YES;
				CLANG_WARN_DEPRECATED_OBJC_IMPLEMENTATIONS = YES;
				CLANG_WARN_DIRECT_OBJC_ISA_USAGE = YES_ERROR;
				CLANG_WARN_DOCUMENTATION_COMMENTS = YES;
				CLANG_WARN_EMPTY_BODY = YES;
				CLANG_WARN_ENUM_CONVERSION = YES;
				CLANG_WARN_INFINITE_RECURSION = YES;
				CLANG_WARN_INT_CONVERSION = YES;
				CLANG_WARN_NON_LITERAL_NULL_CONVERSION = YES;
				CLANG_WARN_OBJC_IMPLICIT_RETAIN_SELF = YES;
				CLANG_WARN_OBJC_LITERAL_CONVERSION = YES;
				CLANG_WARN_OBJC_ROOT_CLASS = YES_ERROR;
				CLANG_WARN_QUOTED_INCLUDE_IN_FRAMEWORK_HEADER = YES;
				CLANG_WARN_RANGE_LOOP_ANALYSIS = YES;
				CLANG_WARN_STRICT_PROTOTYPES = YES;
				CLANG_WARN_SUSPICIOUS_MOVE = YES;
				CLANG_WARN_UNGUARDED_AVAILABILITY = YES_AGGRESSIVE;
				CLANG_WARN_UNREACHABLE_CODE = YES;
				CLANG_WARN__DUPLICATE_METHOD_MATCH = YES;
				COPY_PHASE_STRIP = NO;
				DEBUG_INFORMATION_FORMAT = "dwarf-with-dsym";
				ENABLE_NS_ASSERTIONS = NO;
				ENABLE_STRICT_OBJC_MSGSEND = YES;
				GCC_C_LANGUAGE_STANDARD = gnu11;
				GCC_NO_COMMON_BLOCKS = YES;
				GCC_WARN_64_TO_32_BIT_CONVERSION = YES;
				GCC_WARN_ABOUT_RETURN_TYPE = YES_ERROR;
				GCC_WARN_UNDECLARED_SELECTOR = YES;
				GCC_WARN_UNINITIALIZED_AUTOS = YES_AGGRESSIVE;
				GCC_WARN_UNUSED_FUNCTION = YES;
				GCC_WARN_UNUSED_VARIABLE = YES;
				MTL_ENABLE_DEBUG_INFO = NO;
				MTL_FAST_MATH = YES;
				SWIFT_COMPILATION_MODE = wholemodule;
				SWIFT_OPTIMIZATION_LEVEL = "-O";
			};
			name = Release;
		};
		F46A52C328BAEC4E007C5C68 /* Debug */ = {
			isa = XCBuildConfiguration;
			baseConfigurationReference = 09576FC6DA97FC5BB5E91527 /* Pods-FitCam WatchKit Extension.debug.xcconfig */;
			buildSettings = {
				ASSETCATALOG_COMPILER_COMPLICATION_NAME = Complication;
				CODE_SIGN_ENTITLEMENTS = "FitCam WatchKit Extension/FitCam WatchKit Extension.entitlements";
				CODE_SIGN_STYLE = Automatic;
				CURRENT_PROJECT_VERSION = 1;
				DEVELOPMENT_ASSET_PATHS = "\"FitCam WatchKit Extension/Preview Content\"";
				DEVELOPMENT_TEAM = 68A9E944ZN;
				ENABLE_PREVIEWS = YES;
				GENERATE_INFOPLIST_FILE = YES;
				INFOPLIST_FILE = "FitCam WatchKit Extension/Info.plist";
				INFOPLIST_KEY_CFBundleDisplayName = "FitCam WatchKit Extension";
				INFOPLIST_KEY_CLKComplicationPrincipalClass = FitCam_WatchKit_Extension.ComplicationController;
				INFOPLIST_KEY_NSHumanReadableCopyright = "";
				INFOPLIST_KEY_WKRunsIndependentlyOfCompanionApp = YES;
				LD_RUNPATH_SEARCH_PATHS = (
					"$(inherited)",
					"@executable_path/Frameworks",
					"@executable_path/../../Frameworks",
				);
				MARKETING_VERSION = 1.0;
				PRODUCT_BUNDLE_IDENTIFIER = KAP.FitCam.watchkitapp.watchkitextension;
				PRODUCT_NAME = "${TARGET_NAME}";
				SDKROOT = watchos;
				SKIP_INSTALL = YES;
				SWIFT_EMIT_LOC_STRINGS = YES;
				SWIFT_VERSION = 5.0;
				TARGETED_DEVICE_FAMILY = 4;
				WATCHOS_DEPLOYMENT_TARGET = 8.5;
			};
			name = Debug;
		};
		F46A52C428BAEC4E007C5C68 /* Release */ = {
			isa = XCBuildConfiguration;
			baseConfigurationReference = 06F78616CD44CA376566E3A4 /* Pods-FitCam WatchKit Extension.release.xcconfig */;
			buildSettings = {
				ASSETCATALOG_COMPILER_COMPLICATION_NAME = Complication;
				CODE_SIGN_ENTITLEMENTS = "FitCam WatchKit Extension/FitCam WatchKit Extension.entitlements";
				CODE_SIGN_STYLE = Automatic;
				CURRENT_PROJECT_VERSION = 1;
				DEVELOPMENT_ASSET_PATHS = "\"FitCam WatchKit Extension/Preview Content\"";
				DEVELOPMENT_TEAM = 68A9E944ZN;
				ENABLE_PREVIEWS = YES;
				GENERATE_INFOPLIST_FILE = YES;
				INFOPLIST_FILE = "FitCam WatchKit Extension/Info.plist";
				INFOPLIST_KEY_CFBundleDisplayName = "FitCam WatchKit Extension";
				INFOPLIST_KEY_CLKComplicationPrincipalClass = FitCam_WatchKit_Extension.ComplicationController;
				INFOPLIST_KEY_NSHumanReadableCopyright = "";
				INFOPLIST_KEY_WKRunsIndependentlyOfCompanionApp = YES;
				LD_RUNPATH_SEARCH_PATHS = (
					"$(inherited)",
					"@executable_path/Frameworks",
					"@executable_path/../../Frameworks",
				);
				MARKETING_VERSION = 1.0;
				PRODUCT_BUNDLE_IDENTIFIER = KAP.FitCam.watchkitapp.watchkitextension;
				PRODUCT_NAME = "${TARGET_NAME}";
				SDKROOT = watchos;
				SKIP_INSTALL = YES;
				SWIFT_EMIT_LOC_STRINGS = YES;
				SWIFT_VERSION = 5.0;
				TARGETED_DEVICE_FAMILY = 4;
				VALIDATE_PRODUCT = YES;
				WATCHOS_DEPLOYMENT_TARGET = 8.5;
			};
			name = Release;
		};
		F46A52C728BAEC4E007C5C68 /* Debug */ = {
			isa = XCBuildConfiguration;
			baseConfigurationReference = DE0D3F988690F43A519D318A /* Pods-FitCam WatchKit App.debug.xcconfig */;
			buildSettings = {
				ALWAYS_EMBED_SWIFT_STANDARD_LIBRARIES = YES;
				ASSETCATALOG_COMPILER_APPICON_NAME = AppIcon;
				ASSETCATALOG_COMPILER_GLOBAL_ACCENT_COLOR_NAME = AccentColor;
				CODE_SIGN_STYLE = Automatic;
				CURRENT_PROJECT_VERSION = 1;
				DEVELOPMENT_TEAM = 68A9E944ZN;
				GENERATE_INFOPLIST_FILE = YES;
				IBSC_MODULE = FitCam_WatchKit_Extension;
				INFOPLIST_KEY_CFBundleDisplayName = "FitCam WatchKit App";
				INFOPLIST_KEY_UISupportedInterfaceOrientations = "UIInterfaceOrientationPortrait UIInterfaceOrientationPortraitUpsideDown";
				INFOPLIST_KEY_WKCompanionAppBundleIdentifier = KAP.FitCam;
				MARKETING_VERSION = 1.0;
				PRODUCT_BUNDLE_IDENTIFIER = KAP.FitCam.watchkitapp;
				PRODUCT_NAME = "$(TARGET_NAME)";
				SDKROOT = watchos;
				SKIP_INSTALL = YES;
				SWIFT_EMIT_LOC_STRINGS = YES;
				SWIFT_VERSION = 5.0;
				TARGETED_DEVICE_FAMILY = 4;
				WATCHOS_DEPLOYMENT_TARGET = 8.5;
			};
			name = Debug;
		};
		F46A52C828BAEC4E007C5C68 /* Release */ = {
			isa = XCBuildConfiguration;
			baseConfigurationReference = 4B5E82A7A9EA55BA24F95848 /* Pods-FitCam WatchKit App.release.xcconfig */;
			buildSettings = {
				ALWAYS_EMBED_SWIFT_STANDARD_LIBRARIES = YES;
				ASSETCATALOG_COMPILER_APPICON_NAME = AppIcon;
				ASSETCATALOG_COMPILER_GLOBAL_ACCENT_COLOR_NAME = AccentColor;
				CODE_SIGN_STYLE = Automatic;
				CURRENT_PROJECT_VERSION = 1;
				DEVELOPMENT_TEAM = 68A9E944ZN;
				GENERATE_INFOPLIST_FILE = YES;
				IBSC_MODULE = FitCam_WatchKit_Extension;
				INFOPLIST_KEY_CFBundleDisplayName = "FitCam WatchKit App";
				INFOPLIST_KEY_UISupportedInterfaceOrientations = "UIInterfaceOrientationPortrait UIInterfaceOrientationPortraitUpsideDown";
				INFOPLIST_KEY_WKCompanionAppBundleIdentifier = KAP.FitCam;
				MARKETING_VERSION = 1.0;
				PRODUCT_BUNDLE_IDENTIFIER = KAP.FitCam.watchkitapp;
				PRODUCT_NAME = "$(TARGET_NAME)";
				SDKROOT = watchos;
				SKIP_INSTALL = YES;
				SWIFT_EMIT_LOC_STRINGS = YES;
				SWIFT_VERSION = 5.0;
				TARGETED_DEVICE_FAMILY = 4;
				VALIDATE_PRODUCT = YES;
				WATCHOS_DEPLOYMENT_TARGET = 8.5;
			};
			name = Release;
		};
		F46A52CB28BAEC4E007C5C68 /* Debug */ = {
			isa = XCBuildConfiguration;
			baseConfigurationReference = 65144510E91F436BE961A0D8 /* Pods-FitCam.debug.xcconfig */;
			buildSettings = {
				ASSETCATALOG_COMPILER_APPICON_NAME = AppIcon;
				ASSETCATALOG_COMPILER_GLOBAL_ACCENT_COLOR_NAME = AccentColor;
				CODE_SIGN_ENTITLEMENTS = FitCam/FitCam.entitlements;
				CODE_SIGN_STYLE = Automatic;
				CURRENT_PROJECT_VERSION = 1;
				DEVELOPMENT_ASSET_PATHS = "\"FitCam/Preview Content\"";
				DEVELOPMENT_TEAM = 68A9E944ZN;
				ENABLE_PREVIEWS = YES;
				GENERATE_INFOPLIST_FILE = YES;
				INFOPLIST_KEY_NSCameraUsageDescription = "We need access to te camera to record your workouts";
				INFOPLIST_KEY_NSMicrophoneUsageDescription = "We need access to te microphone to record your workouts";
				INFOPLIST_KEY_UIApplicationSceneManifest_Generation = YES;
				INFOPLIST_KEY_UIApplicationSupportsIndirectInputEvents = YES;
				INFOPLIST_KEY_UILaunchScreen_Generation = YES;
				INFOPLIST_KEY_UISupportedInterfaceOrientations_iPad = "UIInterfaceOrientationPortrait UIInterfaceOrientationPortraitUpsideDown UIInterfaceOrientationLandscapeLeft UIInterfaceOrientationLandscapeRight";
				INFOPLIST_KEY_UISupportedInterfaceOrientations_iPhone = "UIInterfaceOrientationPortrait UIInterfaceOrientationLandscapeLeft UIInterfaceOrientationLandscapeRight";
				IPHONEOS_DEPLOYMENT_TARGET = 15.5;
				LD_RUNPATH_SEARCH_PATHS = (
					"$(inherited)",
					"@executable_path/Frameworks",
				);
				MARKETING_VERSION = 1.0;
				PRODUCT_BUNDLE_IDENTIFIER = KAP.FitCam;
				PRODUCT_NAME = "$(TARGET_NAME)";
				SDKROOT = iphoneos;
				SWIFT_EMIT_LOC_STRINGS = YES;
				SWIFT_VERSION = 5.0;
				TARGETED_DEVICE_FAMILY = "1,2";
			};
			name = Debug;
		};
		F46A52CC28BAEC4E007C5C68 /* Release */ = {
			isa = XCBuildConfiguration;
			baseConfigurationReference = E680E7D103E96DF4E4528CFA /* Pods-FitCam.release.xcconfig */;
			buildSettings = {
				ASSETCATALOG_COMPILER_APPICON_NAME = AppIcon;
				ASSETCATALOG_COMPILER_GLOBAL_ACCENT_COLOR_NAME = AccentColor;
				CODE_SIGN_ENTITLEMENTS = FitCam/FitCam.entitlements;
				CODE_SIGN_STYLE = Automatic;
				CURRENT_PROJECT_VERSION = 1;
				DEVELOPMENT_ASSET_PATHS = "\"FitCam/Preview Content\"";
				DEVELOPMENT_TEAM = 68A9E944ZN;
				ENABLE_PREVIEWS = YES;
				GENERATE_INFOPLIST_FILE = YES;
				INFOPLIST_KEY_NSCameraUsageDescription = "We need access to te camera to record your workouts";
				INFOPLIST_KEY_NSMicrophoneUsageDescription = "We need access to te microphone to record your workouts";
				INFOPLIST_KEY_UIApplicationSceneManifest_Generation = YES;
				INFOPLIST_KEY_UIApplicationSupportsIndirectInputEvents = YES;
				INFOPLIST_KEY_UILaunchScreen_Generation = YES;
				INFOPLIST_KEY_UISupportedInterfaceOrientations_iPad = "UIInterfaceOrientationPortrait UIInterfaceOrientationPortraitUpsideDown UIInterfaceOrientationLandscapeLeft UIInterfaceOrientationLandscapeRight";
				INFOPLIST_KEY_UISupportedInterfaceOrientations_iPhone = "UIInterfaceOrientationPortrait UIInterfaceOrientationLandscapeLeft UIInterfaceOrientationLandscapeRight";
				IPHONEOS_DEPLOYMENT_TARGET = 15.5;
				LD_RUNPATH_SEARCH_PATHS = (
					"$(inherited)",
					"@executable_path/Frameworks",
				);
				MARKETING_VERSION = 1.0;
				PRODUCT_BUNDLE_IDENTIFIER = KAP.FitCam;
				PRODUCT_NAME = "$(TARGET_NAME)";
				SDKROOT = iphoneos;
				SWIFT_EMIT_LOC_STRINGS = YES;
				SWIFT_VERSION = 5.0;
				TARGETED_DEVICE_FAMILY = "1,2";
				VALIDATE_PRODUCT = YES;
			};
			name = Release;
		};
/* End XCBuildConfiguration section */

/* Begin XCConfigurationList section */
		F46A528C28BAEC49007C5C68 /* Build configuration list for PBXProject "FitCam" */ = {
			isa = XCConfigurationList;
			buildConfigurations = (
				F46A52C028BAEC4E007C5C68 /* Debug */,
				F46A52C128BAEC4E007C5C68 /* Release */,
			);
			defaultConfigurationIsVisible = 0;
			defaultConfigurationName = Release;
		};
		F46A52C228BAEC4E007C5C68 /* Build configuration list for PBXNativeTarget "FitCam WatchKit Extension" */ = {
			isa = XCConfigurationList;
			buildConfigurations = (
				F46A52C328BAEC4E007C5C68 /* Debug */,
				F46A52C428BAEC4E007C5C68 /* Release */,
			);
			defaultConfigurationIsVisible = 0;
			defaultConfigurationName = Release;
		};
		F46A52C628BAEC4E007C5C68 /* Build configuration list for PBXNativeTarget "FitCam WatchKit App" */ = {
			isa = XCConfigurationList;
			buildConfigurations = (
				F46A52C728BAEC4E007C5C68 /* Debug */,
				F46A52C828BAEC4E007C5C68 /* Release */,
			);
			defaultConfigurationIsVisible = 0;
			defaultConfigurationName = Release;
		};
		F46A52CA28BAEC4E007C5C68 /* Build configuration list for PBXNativeTarget "FitCam" */ = {
			isa = XCConfigurationList;
			buildConfigurations = (
				F46A52CB28BAEC4E007C5C68 /* Debug */,
				F46A52CC28BAEC4E007C5C68 /* Release */,
			);
			defaultConfigurationIsVisible = 0;
			defaultConfigurationName = Release;
		};
/* End XCConfigurationList section */
	};
	rootObject = F46A528928BAEC49007C5C68 /* Project object */;
}
